
Microsoft Visual Studio Solution File, Format Version 12.00
# Visual Studio Version 16
VisualStudioVersion = 16.0.30503.244
MinimumVisualStudioVersion = 10.0.40219.1
Project("{9A19103F-16F7-4668-BE54-9A1E7A4F7556}") = "BookStoreApp", "BookStoreApp\BookStoreApp.csproj", "{1C018DED-1F29-4592-A3B8-3CA476BC6FE8}"
EndProject
Global
	GlobalSection(SolutionConfigurationPlatforms) = preSolution
		Debug|Any CPU = Debug|Any CPU
		Release|Any CPU = Release|Any CPU
	EndGlobalSection
	GlobalSection(ProjectConfigurationPlatforms) = postSolution
		{1C018DED-1F29-4592-A3B8-3CA476BC6FE8}.Debug|Any CPU.ActiveCfg = Debug|Any CPU
		{1C018DED-1F29-4592-A3B8-3CA476BC6FE8}.Debug|Any CPU.Build.0 = Debug|Any CPU
		{1C018DED-1F29-4592-A3B8-3CA476BC6FE8}.Release|Any CPU.ActiveCfg = Release|Any CPU
		{1C018DED-1F29-4592-A3B8-3CA476BC6FE8}.Release|Any CPU.Build.0 = Release|Any CPU
	EndGlobalSection
	GlobalSection(SolutionProperties) = preSolution
		HideSolutionNode = FALSE
	EndGlobalSection
	GlobalSection(ExtensibilityGlobals) = postSolution
		SolutionGuid = {A3D0052E-0033-4CAA-B9AD-2E9448E78EF1}
	EndGlobalSection
EndGlobal
